{
  "nodes": {
    "bitte": {
      "inputs": {
        "cli": "cli",
        "nix": "nix",
        "nixpkgs": "nixpkgs_4",
        "ops-lib": "ops-lib",
        "terranix": "terranix",
        "utils": "utils_3"
      },
      "locked": {
        "lastModified": 1611245551,
        "narHash": "sha256-PUKsKHu0YPzvMKVpo6TAYCcz+/YM2KNtuZnY/7zDH6c=",
        "owner": "input-output-hk",
        "repo": "bitte",
        "rev": "7bb5468d9970027a1c5c25f543f65308bd39ecdb",
        "type": "github"
      },
      "original": {
        "owner": "input-output-hk",
        "ref": "trim",
        "repo": "bitte",
        "type": "github"
      }
    },
    "cli": {
      "inputs": {
        "crystal": "crystal",
        "nixpkgs": "nixpkgs_2",
        "nixpkgs/nixos-rebuild-no-systemctl": "nixpkgs/nixos-rebuild-no-systemctl",
        "utils": "utils_2"
      },
      "locked": {
        "lastModified": 1611245601,
        "narHash": "sha256-84PZKm14WgISn5Y1QBJkTk2dK7082ktaHfFHxfb5W3Q=",
        "owner": "input-output-hk",
        "repo": "bitte-cli",
        "rev": "53f6f31fe504d974dae08ea6785c0ee54dba811c",
        "type": "github"
      },
      "original": {
        "owner": "input-output-hk",
        "repo": "bitte-cli",
        "type": "github"
      }
    },
    "crystal": {
      "inputs": {
        "nixpkgs": "nixpkgs",
        "utils": "utils"
      },
      "locked": {
        "lastModified": 1608083084,
        "narHash": "sha256-zF7F++nIfSA+27qLlJOGSg/IiAsBNBK7Xnm8wKh324I=",
        "owner": "kreisys",
        "repo": "crystal",
        "rev": "5fa991b1f0ce9aa8a0dc8226a0af8d75ae9330ae",
        "type": "github"
      },
      "original": {
        "owner": "kreisys",
        "repo": "crystal",
        "type": "github"
      }
    },
    "haskell-nix": {
      "locked": {
        "lastModified": 1604670513,
        "narHash": "sha256-ir7WUoKjN/RUm7xk73K1GKUREui7pXWWgIHYTrqSxPs=",
        "owner": "input-output-hk",
        "repo": "haskell.nix",
        "rev": "ddc4d650fe668c84090ccc9e3ad6a5b82c6654f7",
        "type": "github"
      },
      "original": {
        "owner": "input-output-hk",
        "ref": "update-flake",
        "repo": "haskell.nix",
        "type": "github"
      }
    },
    "lowdown-src": {
      "flake": false,
      "locked": {
        "lastModified": 1598695561,
        "narHash": "sha256-gyH/5j+h/nWw0W8AcR2WKvNBUsiQ7QuxqSJNXAwV+8E=",
        "owner": "kristapsdz",
        "repo": "lowdown",
        "rev": "1705b4a26fbf065d9574dce47a94e8c7c79e052f",
        "type": "github"
      },
      "original": {
        "owner": "kristapsdz",
        "repo": "lowdown",
        "type": "github"
      }
    },
    "mantis-explorer": {
      "inputs": {
        "nixpkgs": "nixpkgs_5",
        "utils": "utils_4"
      },
      "locked": {
        "lastModified": 1610666892,
        "narHash": "sha256-9Ib80bJ3qiW09s6Ey4g3Edaqg6A0HDNT57eKSGVOWBY=",
        "owner": "input-output-hk",
        "repo": "mantis-explorer",
        "rev": "d13ab3d9588790933f52c18955e12df7fe3ec868",
        "type": "github"
      },
      "original": {
        "owner": "input-output-hk",
        "ref": "flake-refresh",
        "repo": "mantis-explorer",
        "type": "github"
      }
    },
    "mantis-faucet-web": {
      "inputs": {
        "nixpkgs": "nixpkgs_6",
        "utils": "utils_5"
      },
      "locked": {
        "lastModified": 1610667085,
        "narHash": "sha256-gcnUQAiZ1pxbyXu+p3I7xaFtX3RInD9WZ/nC8gpvxJI=",
        "owner": "input-output-hk",
        "repo": "mantis-faucet-web",
        "rev": "3fbf1326e0cef70c65e4af015a8ce5bde4945cac",
        "type": "github"
      },
      "original": {
        "owner": "input-output-hk",
        "ref": "flake-refresh",
        "repo": "mantis-faucet-web",
        "type": "github"
      }
    },
    "morpho-node": {
      "inputs": {
        "haskell-nix": "haskell-nix",
        "nixpkgs": "nixpkgs_7",
        "utils": "utils_6"
      },
      "locked": {
        "lastModified": 1610666966,
        "narHash": "sha256-I9w/Pl2mckrtWL3zUQHtA/6vS1tvaHz8uLxvWel1tf8=",
        "owner": "input-output-hk",
        "repo": "ECIP-Checkpointing",
        "rev": "565c5e77b790955a2c4af479aa9b33d3f46641a2",
        "type": "github"
      },
      "original": {
        "owner": "input-output-hk",
        "ref": "flake-refresh",
        "repo": "ECIP-Checkpointing",
        "type": "github"
      }
    },
    "nix": {
      "inputs": {
        "lowdown-src": "lowdown-src",
        "nixpkgs": "nixpkgs_3"
      },
      "locked": {
        "lastModified": 1610536613,
        "narHash": "sha256-8ANbt7xwjE2SF/RMpV+TVrjNd9NLygSozheEpta7WRI=",
        "owner": "NixOS",
        "repo": "nix",
        "rev": "4e9cec79bf5302108a031b3910f63baccf719eb5",
        "type": "github"
      },
      "original": {
        "owner": "NixOS",
        "repo": "nix",
        "rev": "4e9cec79bf5302108a031b3910f63baccf719eb5",
        "type": "github"
      }
    },
    "nixpkgs": {
      "locked": {
        "lastModified": 1608073274,
        "narHash": "sha256-2g5soirxH22xi/2iIzTOtpdRYXSSI4x+OYsDM9Nc4ms=",
        "owner": "NixOS",
        "repo": "nixpkgs",
        "rev": "5d5e970ce04933576957dfbf99cb7d4c1802c60d",
        "type": "github"
      },
      "original": {
        "id": "nixpkgs",
        "type": "indirect"
      }
    },
    "nixpkgs/nixos-rebuild-no-systemctl": {
      "locked": {
        "lastModified": 1603912078,
        "narHash": "sha256-T6zhWX0PG6J+yWXGjG3D7khiTeHzLu0pQ2MTHGwRz2A=",
        "owner": "kreisys",
        "repo": "nixpkgs",
        "rev": "b02d5ae5a23b0532023453e5c0e861fd507b726c",
        "type": "github"
      },
      "original": {
        "owner": "kreisys",
        "ref": "nixos-rebuild-no-systemctl",
        "repo": "nixpkgs",
        "type": "github"
      }
    },
    "nixpkgs_2": {
      "locked": {
        "lastModified": 1611245064,
        "narHash": "sha256-/w92KzcJY+BLwMCqfGRdKYSixeiZ7WsQ/HF5LHSVqBI=",
        "owner": "NixOS",
        "repo": "nixpkgs",
        "rev": "50b0911f6ea210a33f634674400b1bea54d9b372",
        "type": "github"
      },
      "original": {
        "id": "nixpkgs",
        "type": "indirect"
      }
    },
    "nixpkgs_3": {
      "locked": {
        "lastModified": 1602702596,
        "narHash": "sha256-fqJ4UgOb4ZUnCDIapDb4gCrtAah5Rnr2/At3IzMitig=",
        "owner": "NixOS",
        "repo": "nixpkgs",
        "rev": "ad0d20345219790533ebe06571f82ed6b034db31",
        "type": "github"
      },
      "original": {
        "id": "nixpkgs",
        "ref": "nixos-20.09-small",
        "type": "indirect"
      }
    },
    "nixpkgs_4": {
      "locked": {
        "lastModified": 1610561118,
        "narHash": "sha256-UI5+bEkysV3lq0O3hjz5OHMmmoqsBFYKBHiZfYPlsuY=",
        "owner": "NixOS",
        "repo": "nixpkgs",
        "rev": "3ef74a35656d03f380a84bd23555fe4bf5e340bd",
        "type": "github"
      },
      "original": {
        "id": "nixpkgs",
        "type": "indirect"
      }
    },
    "nixpkgs_5": {
      "locked": {
        "lastModified": 1603802751,
        "narHash": "sha256-K3CeF3CYy7LCu0J1NnSdo77oVIkcwf0cXDAA/HFjP58=",
        "owner": "NixOS",
        "repo": "nixpkgs",
        "rev": "8a1fdce8d3482b60ac13678a8eab838777b51549",
        "type": "github"
      },
      "original": {
        "id": "nixpkgs",
        "type": "indirect"
      }
    },
    "nixpkgs_6": {
      "locked": {
        "lastModified": 1606940130,
        "narHash": "sha256-feZRQOfUWLfTuYUTEUxGadrS0QksS+TLHOx7kz8vgIY=",
        "owner": "NixOS",
        "repo": "nixpkgs",
        "rev": "1176af94d32008050a447dd1c1a2c8c459aa9dcb",
        "type": "github"
      },
      "original": {
        "id": "nixpkgs",
        "type": "indirect"
      }
    },
    "nixpkgs_7": {
      "locked": {
        "lastModified": 1610318850,
        "narHash": "sha256-h10eODvGcChCqdbLzqKYomSmeiKHX6Fhjcgr+wKTGiA=",
        "owner": "NixOS",
        "repo": "nixpkgs",
        "rev": "719db5fde069d0e78edf50e544d4b3c82a378c89",
        "type": "github"
      },
      "original": {
        "id": "nixpkgs",
        "type": "indirect"
      }
    },
    "nixpkgs_8": {
      "locked": {
        "lastModified": 1610568223,
        "narHash": "sha256-XhuydFdp2c329NCusOIVtPEwxoeqdGafiZhkfTDX4Yo=",
        "owner": "NixOS",
        "repo": "nixpkgs",
        "rev": "b1961de94e807056507342be43357a935d254174",
        "type": "github"
      },
      "original": {
        "id": "nixpkgs",
        "type": "indirect"
      }
    },
    "ops-lib": {
      "flake": false,
      "locked": {
        "lastModified": 1608174889,
        "narHash": "sha256-3q2ncBD//scq9xy39AWqUw+hip44OEz4SWP93WkKJmY=",
        "owner": "input-output-hk",
        "repo": "ops-lib",
        "rev": "f5c44f7b38238a6cff47bc4c62c50212f045b630",
        "type": "github"
      },
      "original": {
        "owner": "input-output-hk",
        "repo": "ops-lib",
        "type": "github"
      }
    },
    "ops-lib_2": {
      "locked": {
        "dir": "zfs",
        "lastModified": 1608256030,
        "narHash": "sha256-LgYuK7OsgTtMxuQF4xeFGQbjnAXhkNPXvA8Zr79FvWs=",
        "owner": "input-output-hk",
        "repo": "ops-lib",
        "rev": "07a9d53b7552a97cb088342930ecebaddfcb1330",
        "type": "github"
      },
      "original": {
        "dir": "zfs",
        "owner": "input-output-hk",
        "ref": "zfs-image",
        "repo": "ops-lib",
        "type": "github"
      }
    },
    "root": {
      "inputs": {
        "bitte": "bitte",
        "mantis-explorer": "mantis-explorer",
        "mantis-faucet-web": "mantis-faucet-web",
        "morpho-node": "morpho-node",
        "nixpkgs": "nixpkgs_8",
        "ops-lib": "ops-lib_2",
        "utils": "utils_7"
      }
    },
    "terranix": {
      "flake": false,
      "locked": {
        "lastModified": 1592222043,
        "narHash": "sha256-+erur8deRvboe0vWn35ukKS0BQfX1wIVLXIrTsMRGjw=",
        "owner": "manveru",
        "repo": "terranix",
        "rev": "40bea9e1b24086c6c39ffa5d09bde56ef064fe6a",
        "type": "github"
      },
      "original": {
        "owner": "manveru",
        "ref": "cleanup",
        "repo": "terranix",
        "type": "github"
      }
    },
    "utils": {
      "locked": {
        "lastModified": 1608083023,
        "narHash": "sha256-0OeP7iDNsX/9rasi04wI7q8S3VO0gVxQKXx25Re3ER0=",
        "owner": "kreisys",
        "repo": "flake-utils",
        "rev": "981afef38507fac81120aa0c0bc4d37e4e3a2019",
        "type": "github"
      },
      "original": {
        "owner": "kreisys",
        "repo": "flake-utils",
        "type": "github"
      }
    },
    "utils_2": {
      "locked": {
        "lastModified": 1608147279,
        "narHash": "sha256-y+xwuD1DfITtdo3O0t58rv5EjZPOqhjMsa6gLow2weI=",
        "owner": "kreisys",
        "repo": "flake-utils",
        "rev": "eca8189ade92ad1b887ba56bd00b5786b9d490b1",
        "type": "github"
      },
      "original": {
        "owner": "kreisys",
        "repo": "flake-utils",
        "type": "github"
      }
    },
    "utils_3": {
      "locked": {
        "lastModified": 1608409263,
        "narHash": "sha256-L7gMksy7VR+GcySJhBFnjzO+GsB/BZje+1hvglbhyZk=",
        "owner": "kreisys",
        "repo": "flake-utils",
        "rev": "b83c460130ee151d6b91b72dd6261fe53c8e4a79",
        "type": "github"
      },
      "original": {
        "owner": "kreisys",
        "repo": "flake-utils",
        "type": "github"
      }
    },
    "utils_4": {
      "locked": {
        "lastModified": 1608409263,
        "narHash": "sha256-L7gMksy7VR+GcySJhBFnjzO+GsB/BZje+1hvglbhyZk=",
        "owner": "kreisys",
        "repo": "flake-utils",
        "rev": "b83c460130ee151d6b91b72dd6261fe53c8e4a79",
        "type": "github"
      },
      "original": {
        "owner": "kreisys",
        "repo": "flake-utils",
        "type": "github"
      }
    },
    "utils_5": {
      "locked": {
        "lastModified": 1608409263,
        "narHash": "sha256-L7gMksy7VR+GcySJhBFnjzO+GsB/BZje+1hvglbhyZk=",
        "owner": "kreisys",
        "repo": "flake-utils",
        "rev": "b83c460130ee151d6b91b72dd6261fe53c8e4a79",
        "type": "github"
      },
      "original": {
        "owner": "kreisys",
        "repo": "flake-utils",
        "type": "github"
      }
    },
    "utils_6": {
      "locked": {
        "lastModified": 1608409263,
        "narHash": "sha256-L7gMksy7VR+GcySJhBFnjzO+GsB/BZje+1hvglbhyZk=",
        "owner": "kreisys",
        "repo": "flake-utils",
        "rev": "b83c460130ee151d6b91b72dd6261fe53c8e4a79",
        "type": "github"
      },
      "original": {
        "owner": "kreisys",
        "repo": "flake-utils",
        "type": "github"
      }
    },
    "utils_7": {
      "locked": {
        "lastModified": 1608409263,
        "narHash": "sha256-L7gMksy7VR+GcySJhBFnjzO+GsB/BZje+1hvglbhyZk=",
        "owner": "kreisys",
        "repo": "flake-utils",
        "rev": "b83c460130ee151d6b91b72dd6261fe53c8e4a79",
        "type": "github"
      },
      "original": {
        "owner": "kreisys",
        "repo": "flake-utils",
        "type": "github"
      }
    }
  },
  "root": "root",
  "version": 7
}
